# This file is automatically @generated by Cargo.
# It is not intended for manual editing.
version = 3

[[package]]
name = "compiler_builtins"
version = "0.1.135"
source = "registry+https://github.com/rust-lang/crates.io-index"
checksum = "3442df4d9544a26657608bf947939335a7cea127c211b79f4858746ed83ea9cf"

[[package]]
name = "rustc-std-workspace-core"
version = "1.0.0"
source = "registry+https://github.com/rust-lang/crates.io-index"
checksum = "1956f5517128a2b6f23ab2dadf1a976f4f5b27962e7724c2bf3d45e539ec098c"

[[package]]
name = "rustc-std-workspace-std"
version = "1.0.1"
source = "registry+https://github.com/rust-lang/crates.io-index"
checksum = "aba676a20abe46e5b0f1b0deae474aaaf31407e6c71147159890574599da04ef"

[[package]]
name = "unicode-width"
version = "0.2.0"
dependencies = [
 "compiler_builtins",
 "rustc-std-workspace-core",
 "rustc-std-workspace-std",
]
