# This file is automatically @generated by Cargo.
# It is not intended for manual editing.
[[package]]
name = "autocfg"
version = "1.4.0"
source = "registry+https://github.com/rust-lang/crates.io-index"

[[package]]
name = "proc-macro2"
version = "1.0.89"
source = "registry+https://github.com/rust-lang/crates.io-index"
dependencies = [
 "unicode-ident 1.0.13 (registry+https://github.com/rust-lang/crates.io-index)",
]

[[package]]
name = "quote"
version = "1.0.37"
source = "registry+https://github.com/rust-lang/crates.io-index"
dependencies = [
 "proc-macro2 1.0.89 (registry+https://github.com/rust-lang/crates.io-index)",
]

[[package]]
name = "rustversion"
version = "1.0.18"
source = "registry+https://github.com/rust-lang/crates.io-index"

[[package]]
name = "serde"
version = "1.0.213"
source = "registry+https://github.com/rust-lang/crates.io-index"
dependencies = [
 "serde_derive 1.0.213 (registry+https://github.com/rust-lang/crates.io-index)",
]

[[package]]
name = "serde_derive"
version = "1.0.213"
source = "registry+https://github.com/rust-lang/crates.io-index"
dependencies = [
 "proc-macro2 1.0.89 (registry+https://github.com/rust-lang/crates.io-index)",
 "quote 1.0.37 (registry+https://github.com/rust-lang/crates.io-index)",
 "syn 2.0.82 (registry+https://github.com/rust-lang/crates.io-index)",
]

[[package]]
name = "serde_test"
version = "1.0.177"
source = "registry+https://github.com/rust-lang/crates.io-index"
dependencies = [
 "serde 1.0.213 (registry+https://github.com/rust-lang/crates.io-index)",
]

[[package]]
name = "slab"
version = "0.4.9"
dependencies = [
 "autocfg 1.4.0 (registry+https://github.com/rust-lang/crates.io-index)",
 "rustversion 1.0.18 (registry+https://github.com/rust-lang/crates.io-index)",
 "serde 1.0.213 (registry+https://github.com/rust-lang/crates.io-index)",
 "serde_test 1.0.177 (registry+https://github.com/rust-lang/crates.io-index)",
]

[[package]]
name = "syn"
version = "2.0.82"
source = "registry+https://github.com/rust-lang/crates.io-index"
dependencies = [
 "proc-macro2 1.0.89 (registry+https://github.com/rust-lang/crates.io-index)",
 "quote 1.0.37 (registry+https://github.com/rust-lang/crates.io-index)",
 "unicode-ident 1.0.13 (registry+https://github.com/rust-lang/crates.io-index)",
]

[[package]]
name = "unicode-ident"
version = "1.0.13"
source = "registry+https://github.com/rust-lang/crates.io-index"

[metadata]
"checksum autocfg 1.4.0 (registry+https://github.com/rust-lang/crates.io-index)" = "ace50bade8e6234aa140d9a2f552bbee1db4d353f69b8217bc503490fc1a9f26"
"checksum proc-macro2 1.0.89 (registry+https://github.com/rust-lang/crates.io-index)" = "f139b0662de085916d1fb67d2b4169d1addddda1919e696f3252b740b629986e"
"checksum quote 1.0.37 (registry+https://github.com/rust-lang/crates.io-index)" = "b5b9d34b8991d19d98081b46eacdd8eb58c6f2b201139f7c5f643cc155a633af"
"checksum rustversion 1.0.18 (registry+https://github.com/rust-lang/crates.io-index)" = "0e819f2bc632f285be6d7cd36e25940d45b2391dd6d9b939e79de557f7014248"
"checksum serde 1.0.213 (registry+https://github.com/rust-lang/crates.io-index)" = "3ea7893ff5e2466df8d720bb615088341b295f849602c6956047f8f80f0e9bc1"
"checksum serde_derive 1.0.213 (registry+https://github.com/rust-lang/crates.io-index)" = "7e85ad2009c50b58e87caa8cd6dac16bdf511bbfb7af6c33df902396aa480fa5"
"checksum serde_test 1.0.177 (registry+https://github.com/rust-lang/crates.io-index)" = "7f901ee573cab6b3060453d2d5f0bae4e6d628c23c0a962ff9b5f1d7c8d4f1ed"
"checksum syn 2.0.82 (registry+https://github.com/rust-lang/crates.io-index)" = "83540f837a8afc019423a8edb95b52a8effe46957ee402287f4292fae35be021"
"checksum unicode-ident 1.0.13 (registry+https://github.com/rust-lang/crates.io-index)" = "e91b56cd4cadaeb79bbf1a5645f6b4f8dc5bde8834ad5894a8db35fda9efa1fe"
