# This file is automatically @generated by Cargo.
# It is not intended for manual editing.
[[package]]
name = "doc-comment"
version = "0.3.3"
source = "registry+https://github.com/rust-lang/crates.io-index"

[[package]]
name = "rustc_version"
version = "0.4.1"
dependencies = [
 "doc-comment 0.3.3 (registry+https://github.com/rust-lang/crates.io-index)",
 "semver 1.0.23 (registry+https://github.com/rust-lang/crates.io-index)",
]

[[package]]
name = "semver"
version = "1.0.23"
source = "registry+https://github.com/rust-lang/crates.io-index"

[metadata]
"checksum doc-comment 0.3.3 (registry+https://github.com/rust-lang/crates.io-index)" = "fea41bba32d969b513997752735605054bc0dfa92b4c56bf1189f2e174be7a10"
"checksum semver 1.0.23 (registry+https://github.com/rust-lang/crates.io-index)" = "61697e0a1c7e512e84a621326239844a24d8207b4669b41bc18b32ea5cbf988b"
