# This file is automatically @generated by Cargo.
# It is not intended for manual editing.
version = 3

[[package]]
name = "once_cell"
version = "1.20.1"
source = "registry+https://github.com/rust-lang/crates.io-index"
checksum = "82881c4be219ab5faaf2ad5e5e5ecdff8c66bd7402ca3160975c93b24961afd1"
dependencies = [
 "portable-atomic",
]

[[package]]
name = "poc"
version = "0.1.0"
dependencies = [
 "qcell",
]

[[package]]
name = "portable-atomic"
version = "1.9.0"
source = "registry+https://github.com/rust-lang/crates.io-index"
checksum = "cc9c68a3f6da06753e9335d63e27f6b9754dd1920d941135b7ea8224f141adb2"

[[package]]
name = "qcell"
version = "0.4.2"
dependencies = [
 "once_cell",
]
