# This file is automatically @generated by Cargo.
# It is not intended for manual editing.
version = 3

[[package]]
name = "ahash"
version = "0.7.8"
source = "registry+https://github.com/rust-lang/crates.io-index"
checksum = "891477e0c6a8957309ee5c45a6368af3ae14bb510732d2684ffa19af310920f9"
dependencies = [
 "getrandom",
 "once_cell",
 "version_check",
]

[[package]]
name = "cfg-if"
version = "1.0.0"
source = "registry+https://github.com/rust-lang/crates.io-index"
checksum = "baf1de4339761588bc0619e3cbc0120ee582ebb74b53b4efbf79117bd2da40fd"

[[package]]
name = "getrandom"
version = "0.2.15"
source = "registry+https://github.com/rust-lang/crates.io-index"
checksum = "c4567c8db10ae91089c99af84c68c38da3ec2f087c3f82960bcdbf3656b6f4d7"
dependencies = [
 "cfg-if",
 "libc",
 "wasi",
]

[[package]]
name = "hashbrown"
version = "0.11.2"
source = "registry+https://github.com/rust-lang/crates.io-index"
checksum = "ab5ef0d4909ef3724cc8cce6ccc8572c5c817592e9285f5464f8e86f8bd3726e"
dependencies = [
 "ahash",
]

[[package]]
name = "libc"
version = "0.2.159"
source = "registry+https://github.com/rust-lang/crates.io-index"
checksum = "561d97a539a36e26a9a5fad1ea11a3039a67714694aaa379433e580854bc3dc5"

[[package]]
name = "lru"
version = "0.7.0"
dependencies = [
 "hashbrown",
]

[[package]]
name = "once_cell"
version = "1.20.1"
source = "registry+https://github.com/rust-lang/crates.io-index"
checksum = "82881c4be219ab5faaf2ad5e5e5ecdff8c66bd7402ca3160975c93b24961afd1"
dependencies = [
 "portable-atomic",
]

[[package]]
name = "poc"
version = "0.1.0"
dependencies = [
 "lru",
]

[[package]]
name = "portable-atomic"
version = "1.9.0"
source = "registry+https://github.com/rust-lang/crates.io-index"
checksum = "cc9c68a3f6da06753e9335d63e27f6b9754dd1920d941135b7ea8224f141adb2"

[[package]]
name = "version_check"
version = "0.9.5"
source = "registry+https://github.com/rust-lang/crates.io-index"
checksum = "0b928f33d975fc6ad9f86c8f283853ad26bdd5b10b7f1542aa2fa15e2289105a"

[[package]]
name = "wasi"
version = "0.11.0+wasi-snapshot-preview1"
source = "registry+https://github.com/rust-lang/crates.io-index"
checksum = "9c8d87e72b64a3b4db28d11ce29237c246188f4f51057d65a7eab63b7987e423"
