# This file is automatically @generated by Cargo.
# It is not intended for manual editing.
version = 3

[[package]]
name = "aotuv_lancer_vorbis_sys"
version = "0.1.4"
source = "registry+https://github.com/rust-lang/crates.io-index"
checksum = "495ea2c3cc8dc08e9fb6ff470c9c90e44d4fbc648882a0bfaba13216daea4c3c"
dependencies = [
 "cc",
 "ogg_next_sys",
]

[[package]]
name = "cc"
version = "1.2.1"
source = "registry+https://github.com/rust-lang/crates.io-index"
checksum = "fd9de9f2205d5ef3fd67e685b0df337994ddd4495e2a28d185500d0e1edfea47"
dependencies = [
 "shlex",
]

[[package]]
name = "cfg-if"
version = "1.0.0"
source = "registry+https://github.com/rust-lang/crates.io-index"
checksum = "baf1de4339761588bc0619e3cbc0120ee582ebb74b53b4efbf79117bd2da40fd"

[[package]]
name = "errno"
version = "0.3.9"
source = "registry+https://github.com/rust-lang/crates.io-index"
checksum = "534c5cf6194dfab3db3242765c03bbe257cf92f22b38f6bc0c58d59108a820ba"
dependencies = [
 "libc",
 "windows-sys",
]

[[package]]
name = "getrandom"
version = "0.2.15"
source = "registry+https://github.com/rust-lang/crates.io-index"
checksum = "c4567c8db10ae91089c99af84c68c38da3ec2f087c3f82960bcdbf3656b6f4d7"
dependencies = [
 "cfg-if",
 "libc",
 "wasi",
]

[[package]]
name = "libc"
version = "0.2.164"
source = "registry+https://github.com/rust-lang/crates.io-index"
checksum = "433bfe06b8c75da9b2e3fbea6e5329ff87748f0b144ef75306e674c3f6f7c13f"

[[package]]
name = "ogg_next_sys"
version = "0.1.3"
source = "registry+https://github.com/rust-lang/crates.io-index"
checksum = "ac4af25868786f6ab24956a8496a1eca4b010f860b449596f523d19ee9f956ae"
dependencies = [
 "cc",
]

[[package]]
name = "proc-macro2"
version = "1.0.89"
source = "registry+https://github.com/rust-lang/crates.io-index"
checksum = "f139b0662de085916d1fb67d2b4169d1addddda1919e696f3252b740b629986e"
dependencies = [
 "unicode-ident",
]

[[package]]
name = "quote"
version = "1.0.37"
source = "registry+https://github.com/rust-lang/crates.io-index"
checksum = "b5b9d34b8991d19d98081b46eacdd8eb58c6f2b201139f7c5f643cc155a633af"
dependencies = [
 "proc-macro2",
]

[[package]]
name = "shlex"
version = "1.3.0"
source = "registry+https://github.com/rust-lang/crates.io-index"
checksum = "0fda2ff0d084019ba4d7c6f371c95d8fd75ce3524c3cb8fb653a3023f6323e64"

[[package]]
name = "syn"
version = "2.0.87"
source = "registry+https://github.com/rust-lang/crates.io-index"
checksum = "25aa4ce346d03a6dcd68dd8b4010bcb74e54e62c90c573f394c46eae99aba32d"
dependencies = [
 "proc-macro2",
 "quote",
 "unicode-ident",
]

[[package]]
name = "thiserror"
version = "1.0.69"
source = "registry+https://github.com/rust-lang/crates.io-index"
checksum = "b6aaf5339b578ea85b50e080feb250a3e8ae8cfcdff9a461c9ec2904bc923f52"
dependencies = [
 "thiserror-impl",
]

[[package]]
name = "thiserror-impl"
version = "1.0.69"
source = "registry+https://github.com/rust-lang/crates.io-index"
checksum = "4fee6c4efc90059e10f81e6d42c60a18f76588c3d74cb83a0b242a2b6c7504c1"
dependencies = [
 "proc-macro2",
 "quote",
 "syn",
]

[[package]]
name = "tinyvec"
version = "1.8.0"
source = "registry+https://github.com/rust-lang/crates.io-index"
checksum = "445e881f4f6d382d5f27c034e25eb92edd7c784ceab92a0937db7f2e9471b938"
dependencies = [
 "tinyvec_macros",
]

[[package]]
name = "tinyvec_macros"
version = "0.1.1"
source = "registry+https://github.com/rust-lang/crates.io-index"
checksum = "1f3ccbac311fea05f86f61904b462b55fb3df8837a366dfc601a0161d0532f20"

[[package]]
name = "unicode-ident"
version = "1.0.13"
source = "registry+https://github.com/rust-lang/crates.io-index"
checksum = "e91b56cd4cadaeb79bbf1a5645f6b4f8dc5bde8834ad5894a8db35fda9efa1fe"

[[package]]
name = "vorbis_rs"
version = "0.5.4"
dependencies = [
 "aotuv_lancer_vorbis_sys",
 "errno",
 "getrandom",
 "ogg_next_sys",
 "thiserror",
 "tinyvec",
]

[[package]]
name = "wasi"
version = "0.11.0+wasi-snapshot-preview1"
source = "registry+https://github.com/rust-lang/crates.io-index"
checksum = "9c8d87e72b64a3b4db28d11ce29237c246188f4f51057d65a7eab63b7987e423"

[[package]]
name = "windows-sys"
version = "0.52.0"
source = "registry+https://github.com/rust-lang/crates.io-index"
checksum = "282be5f36a8ce781fad8c8ae18fa3f9beff57ec1b52cb3de0789201425d9a33d"
dependencies = [
 "windows-targets",
]

[[package]]
name = "windows-targets"
version = "0.52.6"
source = "registry+https://github.com/rust-lang/crates.io-index"
checksum = "9b724f72796e036ab90c1021d4780d4d3d648aca59e491e6b98e725b84e99973"
dependencies = [
 "windows_aarch64_gnullvm",
 "windows_aarch64_msvc",
 "windows_i686_gnu",
 "windows_i686_gnullvm",
 "windows_i686_msvc",
 "windows_x86_64_gnu",
 "windows_x86_64_gnullvm",
 "windows_x86_64_msvc",
]

[[package]]
name = "windows_aarch64_gnullvm"
version = "0.52.6"
source = "registry+https://github.com/rust-lang/crates.io-index"
checksum = "32a4622180e7a0ec044bb555404c800bc9fd9ec262ec147edd5989ccd0c02cd3"

[[package]]
name = "windows_aarch64_msvc"
version = "0.52.6"
source = "registry+https://github.com/rust-lang/crates.io-index"
checksum = "09ec2a7bb152e2252b53fa7803150007879548bc709c039df7627cabbd05d469"

[[package]]
name = "windows_i686_gnu"
version = "0.52.6"
source = "registry+https://github.com/rust-lang/crates.io-index"
checksum = "8e9b5ad5ab802e97eb8e295ac6720e509ee4c243f69d781394014ebfe8bbfa0b"

[[package]]
name = "windows_i686_gnullvm"
version = "0.52.6"
source = "registry+https://github.com/rust-lang/crates.io-index"
checksum = "0eee52d38c090b3caa76c563b86c3a4bd71ef1a819287c19d586d7334ae8ed66"

[[package]]
name = "windows_i686_msvc"
version = "0.52.6"
source = "registry+https://github.com/rust-lang/crates.io-index"
checksum = "240948bc05c5e7c6dabba28bf89d89ffce3e303022809e73deaefe4f6ec56c66"

[[package]]
name = "windows_x86_64_gnu"
version = "0.52.6"
source = "registry+https://github.com/rust-lang/crates.io-index"
checksum = "147a5c80aabfbf0c7d901cb5895d1de30ef2907eb21fbbab29ca94c5b08b1a78"

[[package]]
name = "windows_x86_64_gnullvm"
version = "0.52.6"
source = "registry+https://github.com/rust-lang/crates.io-index"
checksum = "24d5b23dc417412679681396f2b49f3de8c1473deb516bd34410872eff51ed0d"

[[package]]
name = "windows_x86_64_msvc"
version = "0.52.6"
source = "registry+https://github.com/rust-lang/crates.io-index"
checksum = "589f6da84c646204747d1270a2a5661ea66ed1cced2631d546fdfb155959f9ec"
