# This file is automatically @generated by Cargo.
# It is not intended for manual editing.
[[package]]
name = "arrayvec"
version = "0.7.6"
source = "registry+https://github.com/rust-lang/crates.io-index"

[[package]]
name = "byte-slice-cast"
version = "1.2.2"
source = "registry+https://github.com/rust-lang/crates.io-index"

[[package]]
name = "cfg-if"
version = "1.0.0"
source = "registry+https://github.com/rust-lang/crates.io-index"

[[package]]
name = "derive_more"
version = "0.99.18"
source = "registry+https://github.com/rust-lang/crates.io-index"
dependencies = [
 "proc-macro2 1.0.89 (registry+https://github.com/rust-lang/crates.io-index)",
 "quote 1.0.37 (registry+https://github.com/rust-lang/crates.io-index)",
 "syn 2.0.82 (registry+https://github.com/rust-lang/crates.io-index)",
]

[[package]]
name = "equivalent"
version = "1.0.1"
source = "registry+https://github.com/rust-lang/crates.io-index"

[[package]]
name = "hashbrown"
version = "0.15.0"
source = "registry+https://github.com/rust-lang/crates.io-index"

[[package]]
name = "impl-trait-for-tuples"
version = "0.2.2"
source = "registry+https://github.com/rust-lang/crates.io-index"
dependencies = [
 "proc-macro2 1.0.89 (registry+https://github.com/rust-lang/crates.io-index)",
 "quote 1.0.37 (registry+https://github.com/rust-lang/crates.io-index)",
 "syn 1.0.109 (registry+https://github.com/rust-lang/crates.io-index)",
]

[[package]]
name = "indexmap"
version = "2.6.0"
source = "registry+https://github.com/rust-lang/crates.io-index"
dependencies = [
 "equivalent 1.0.1 (registry+https://github.com/rust-lang/crates.io-index)",
 "hashbrown 0.15.0 (registry+https://github.com/rust-lang/crates.io-index)",
]

[[package]]
name = "memchr"
version = "2.7.4"
source = "registry+https://github.com/rust-lang/crates.io-index"

[[package]]
name = "once_cell"
version = "1.20.2"
source = "registry+https://github.com/rust-lang/crates.io-index"

[[package]]
name = "parity-scale-codec"
version = "2.3.1"
source = "registry+https://github.com/rust-lang/crates.io-index"
dependencies = [
 "arrayvec 0.7.6 (registry+https://github.com/rust-lang/crates.io-index)",
 "byte-slice-cast 1.2.2 (registry+https://github.com/rust-lang/crates.io-index)",
 "impl-trait-for-tuples 0.2.2 (registry+https://github.com/rust-lang/crates.io-index)",
 "parity-scale-codec-derive 2.3.1 (registry+https://github.com/rust-lang/crates.io-index)",
]

[[package]]
name = "parity-scale-codec-derive"
version = "2.3.1"
source = "registry+https://github.com/rust-lang/crates.io-index"
dependencies = [
 "proc-macro-crate 1.3.1 (registry+https://github.com/rust-lang/crates.io-index)",
 "proc-macro2 1.0.89 (registry+https://github.com/rust-lang/crates.io-index)",
 "quote 1.0.37 (registry+https://github.com/rust-lang/crates.io-index)",
 "syn 1.0.109 (registry+https://github.com/rust-lang/crates.io-index)",
]

[[package]]
name = "proc-macro-crate"
version = "1.3.1"
source = "registry+https://github.com/rust-lang/crates.io-index"
dependencies = [
 "once_cell 1.20.2 (registry+https://github.com/rust-lang/crates.io-index)",
 "toml_edit 0.19.15 (registry+https://github.com/rust-lang/crates.io-index)",
]

[[package]]
name = "proc-macro2"
version = "1.0.89"
source = "registry+https://github.com/rust-lang/crates.io-index"
dependencies = [
 "unicode-ident 1.0.13 (registry+https://github.com/rust-lang/crates.io-index)",
]

[[package]]
name = "quote"
version = "1.0.37"
source = "registry+https://github.com/rust-lang/crates.io-index"
dependencies = [
 "proc-macro2 1.0.89 (registry+https://github.com/rust-lang/crates.io-index)",
]

[[package]]
name = "scale-info"
version = "1.0.0"
source = "registry+https://github.com/rust-lang/crates.io-index"
dependencies = [
 "cfg-if 1.0.0 (registry+https://github.com/rust-lang/crates.io-index)",
 "derive_more 0.99.18 (registry+https://github.com/rust-lang/crates.io-index)",
 "parity-scale-codec 2.3.1 (registry+https://github.com/rust-lang/crates.io-index)",
 "scale-info-derive 1.0.0 (registry+https://github.com/rust-lang/crates.io-index)",
]

[[package]]
name = "scale-info-derive"
version = "1.0.0"
source = "registry+https://github.com/rust-lang/crates.io-index"
dependencies = [
 "proc-macro-crate 1.3.1 (registry+https://github.com/rust-lang/crates.io-index)",
 "proc-macro2 1.0.89 (registry+https://github.com/rust-lang/crates.io-index)",
 "quote 1.0.37 (registry+https://github.com/rust-lang/crates.io-index)",
 "syn 1.0.109 (registry+https://github.com/rust-lang/crates.io-index)",
]

[[package]]
name = "syn"
version = "1.0.109"
source = "registry+https://github.com/rust-lang/crates.io-index"
dependencies = [
 "proc-macro2 1.0.89 (registry+https://github.com/rust-lang/crates.io-index)",
 "quote 1.0.37 (registry+https://github.com/rust-lang/crates.io-index)",
 "unicode-ident 1.0.13 (registry+https://github.com/rust-lang/crates.io-index)",
]

[[package]]
name = "syn"
version = "2.0.82"
source = "registry+https://github.com/rust-lang/crates.io-index"
dependencies = [
 "proc-macro2 1.0.89 (registry+https://github.com/rust-lang/crates.io-index)",
 "quote 1.0.37 (registry+https://github.com/rust-lang/crates.io-index)",
 "unicode-ident 1.0.13 (registry+https://github.com/rust-lang/crates.io-index)",
]

[[package]]
name = "toml_datetime"
version = "0.6.8"
source = "registry+https://github.com/rust-lang/crates.io-index"

[[package]]
name = "toml_edit"
version = "0.19.15"
source = "registry+https://github.com/rust-lang/crates.io-index"
dependencies = [
 "indexmap 2.6.0 (registry+https://github.com/rust-lang/crates.io-index)",
 "toml_datetime 0.6.8 (registry+https://github.com/rust-lang/crates.io-index)",
 "winnow 0.5.40 (registry+https://github.com/rust-lang/crates.io-index)",
]

[[package]]
name = "typenum"
version = "1.17.0"
dependencies = [
 "scale-info 1.0.0 (registry+https://github.com/rust-lang/crates.io-index)",
]

[[package]]
name = "unicode-ident"
version = "1.0.13"
source = "registry+https://github.com/rust-lang/crates.io-index"

[[package]]
name = "winnow"
version = "0.5.40"
source = "registry+https://github.com/rust-lang/crates.io-index"
dependencies = [
 "memchr 2.7.4 (registry+https://github.com/rust-lang/crates.io-index)",
]

[metadata]
"checksum arrayvec 0.7.6 (registry+https://github.com/rust-lang/crates.io-index)" = "7c02d123df017efcdfbd739ef81735b36c5ba83ec3c59c80a9d7ecc718f92e50"
"checksum byte-slice-cast 1.2.2 (registry+https://github.com/rust-lang/crates.io-index)" = "c3ac9f8b63eca6fd385229b3675f6cc0dc5c8a5c8a54a59d4f52ffd670d87b0c"
"checksum cfg-if 1.0.0 (registry+https://github.com/rust-lang/crates.io-index)" = "baf1de4339761588bc0619e3cbc0120ee582ebb74b53b4efbf79117bd2da40fd"
"checksum derive_more 0.99.18 (registry+https://github.com/rust-lang/crates.io-index)" = "5f33878137e4dafd7fa914ad4e259e18a4e8e532b9617a2d0150262bf53abfce"
"checksum equivalent 1.0.1 (registry+https://github.com/rust-lang/crates.io-index)" = "5443807d6dff69373d433ab9ef5378ad8df50ca6298caf15de6e52e24aaf54d5"
"checksum hashbrown 0.15.0 (registry+https://github.com/rust-lang/crates.io-index)" = "1e087f84d4f86bf4b218b927129862374b72199ae7d8657835f1e89000eea4fb"
"checksum impl-trait-for-tuples 0.2.2 (registry+https://github.com/rust-lang/crates.io-index)" = "11d7a9f6330b71fea57921c9b61c47ee6e84f72d394754eff6163ae67e7395eb"
"checksum indexmap 2.6.0 (registry+https://github.com/rust-lang/crates.io-index)" = "707907fe3c25f5424cce2cb7e1cbcafee6bdbe735ca90ef77c29e84591e5b9da"
"checksum memchr 2.7.4 (registry+https://github.com/rust-lang/crates.io-index)" = "78ca9ab1a0babb1e7d5695e3530886289c18cf2f87ec19a575a0abdce112e3a3"
"checksum once_cell 1.20.2 (registry+https://github.com/rust-lang/crates.io-index)" = "1261fe7e33c73b354eab43b1273a57c8f967d0391e80353e51f764ac02cf6775"
"checksum parity-scale-codec 2.3.1 (registry+https://github.com/rust-lang/crates.io-index)" = "373b1a4c1338d9cd3d1fa53b3a11bdab5ab6bd80a20f7f7becd76953ae2be909"
"checksum parity-scale-codec-derive 2.3.1 (registry+https://github.com/rust-lang/crates.io-index)" = "1557010476e0595c9b568d16dcfb81b93cdeb157612726f5170d31aa707bed27"
"checksum proc-macro-crate 1.3.1 (registry+https://github.com/rust-lang/crates.io-index)" = "7f4c021e1093a56626774e81216a4ce732a735e5bad4868a03f3ed65ca0c3919"
"checksum proc-macro2 1.0.89 (registry+https://github.com/rust-lang/crates.io-index)" = "f139b0662de085916d1fb67d2b4169d1addddda1919e696f3252b740b629986e"
"checksum quote 1.0.37 (registry+https://github.com/rust-lang/crates.io-index)" = "b5b9d34b8991d19d98081b46eacdd8eb58c6f2b201139f7c5f643cc155a633af"
"checksum scale-info 1.0.0 (registry+https://github.com/rust-lang/crates.io-index)" = "5c55b744399c25532d63a0d2789b109df8d46fc93752d46b0782991a931a782f"
"checksum scale-info-derive 1.0.0 (registry+https://github.com/rust-lang/crates.io-index)" = "baeb2780690380592f86205aa4ee49815feb2acad8c2f59e6dd207148c3f1fcd"
"checksum syn 1.0.109 (registry+https://github.com/rust-lang/crates.io-index)" = "72b64191b275b66ffe2469e8af2c1cfe3bafa67b529ead792a6d0160888b4237"
"checksum syn 2.0.82 (registry+https://github.com/rust-lang/crates.io-index)" = "83540f837a8afc019423a8edb95b52a8effe46957ee402287f4292fae35be021"
"checksum toml_datetime 0.6.8 (registry+https://github.com/rust-lang/crates.io-index)" = "0dd7358ecb8fc2f8d014bf86f6f638ce72ba252a2c3a2572f2a795f1d23efb41"
"checksum toml_edit 0.19.15 (registry+https://github.com/rust-lang/crates.io-index)" = "1b5bb770da30e5cbfde35a2d7b9b8a2c4b8ef89548a7a6aeab5c9a576e3e7421"
"checksum unicode-ident 1.0.13 (registry+https://github.com/rust-lang/crates.io-index)" = "e91b56cd4cadaeb79bbf1a5645f6b4f8dc5bde8834ad5894a8db35fda9efa1fe"
"checksum winnow 0.5.40 (registry+https://github.com/rust-lang/crates.io-index)" = "f593a95398737aeed53e489c785df13f3618e41dbcd6718c6addbf1395aa6876"
